
Microsoft Visual Studio Solution File, Format Version 12.00
# Visual Studio Version 17
VisualStudioVersion = 17.0.31903.59
MinimumVisualStudioVersion = 10.0.40219.1
Project("{2150E333-8FDC-42A3-9474-1A3956D46DE8}") = "src", "src", "{827E0CD3-B72D-47B6-A68D-7590B98EB39B}"
EndProject
Project("{FAE04EC0-301F-11D3-BF4B-00C04F79EFBC}") = "Viora.App", "src\Viora.App\Viora.App.csproj", "{81D50672-9E1B-49DE-8545-FF9BF960493D}"
EndProject
Project("{FAE04EC0-301F-11D3-BF4B-00C04F79EFBC}") = "Viora.Core", "src\Viora.Core\Viora.Core.csproj", "{C72FC99A-B1A2-402B-B92F-84A1BABCB57A}"
EndProject
Project("{FAE04EC0-301F-11D3-BF4B-00C04F79EFBC}") = "Viora.Features", "src\Viora.Features\Viora.Features.csproj", "{9B456124-D947-4DDB-AF58-26F242584C5C}"
EndProject
Project("{FAE04EC0-301F-11D3-BF4B-00C04F79EFBC}") = "Viora.Infrastructure", "src\Viora.Infrastructure\Viora.Infrastructure.csproj", "{94E57D8B-360C-4F7D-98CF-973DB84CAAAF}"
EndProject
Project("{FAE04EC0-301F-11D3-BF4B-00C04F79EFBC}") = "Viora.Localization", "src\Viora.Localization\Viora.Localization.csproj", "{C237F6EC-3970-4BDE-B14C-0C41AD4F0CB0}"
EndProject
Project("{FAE04EC0-301F-11D3-BF4B-00C04F79EFBC}") = "Viora.PluginSdk", "src\Viora.PluginSdk\Viora.PluginSdk.csproj", "{77E1D7CC-2BF9-4FAB-8926-425E660ECC34}"
EndProject
Project("{FAE04EC0-301F-11D3-BF4B-00C04F79EFBC}") = "Viora.UI", "src\Viora.UI\Viora.UI.csproj", "{591BF5A0-FE9E-44FD-BAF2-A26DDD367C58}"
EndProject
EndProject
EndProject
EndProject
EndProject
Global
	GlobalSection(SolutionConfigurationPlatforms) = preSolution
		Debug|Any CPU = Debug|Any CPU
		Debug|x64 = Debug|x64
		Debug|x86 = Debug|x86
		Release|Any CPU = Release|Any CPU
		Release|x64 = Release|x64
		Release|x86 = Release|x86
	EndGlobalSection
	GlobalSection(ProjectConfigurationPlatforms) = postSolution
		{81D50672-9E1B-49DE-8545-FF9BF960493D}.Debug|Any CPU.ActiveCfg = Debug|Any CPU
		{81D50672-9E1B-49DE-8545-FF9BF960493D}.Debug|Any CPU.Build.0 = Debug|Any CPU
		{81D50672-9E1B-49DE-8545-FF9BF960493D}.Debug|x64.ActiveCfg = Debug|Any CPU
		{81D50672-9E1B-49DE-8545-FF9BF960493D}.Debug|x64.Build.0 = Debug|Any CPU
		{81D50672-9E1B-49DE-8545-FF9BF960493D}.Debug|x86.ActiveCfg = Debug|Any CPU
		{81D50672-9E1B-49DE-8545-FF9BF960493D}.Debug|x86.Build.0 = Debug|Any CPU
		{81D50672-9E1B-49DE-8545-FF9BF960493D}.Release|Any CPU.ActiveCfg = Release|Any CPU
		{81D50672-9E1B-49DE-8545-FF9BF960493D}.Release|Any CPU.Build.0 = Release|Any CPU
		{81D50672-9E1B-49DE-8545-FF9BF960493D}.Release|x64.ActiveCfg = Release|Any CPU
		{81D50672-9E1B-49DE-8545-FF9BF960493D}.Release|x64.Build.0 = Release|Any CPU
		{81D50672-9E1B-49DE-8545-FF9BF960493D}.Release|x86.ActiveCfg = Release|Any CPU
		{81D50672-9E1B-49DE-8545-FF9BF960493D}.Release|x86.Build.0 = Release|Any CPU
		{C72FC99A-B1A2-402B-B92F-84A1BABCB57A}.Debug|Any CPU.ActiveCfg = Debug|Any CPU
		{C72FC99A-B1A2-402B-B92F-84A1BABCB57A}.Debug|Any CPU.Build.0 = Debug|Any CPU
		{C72FC99A-B1A2-402B-B92F-84A1BABCB57A}.Debug|x64.ActiveCfg = Debug|Any CPU
		{C72FC99A-B1A2-402B-B92F-84A1BABCB57A}.Debug|x64.Build.0 = Debug|Any CPU
		{C72FC99A-B1A2-402B-B92F-84A1BABCB57A}.Debug|x86.ActiveCfg = Debug|Any CPU
		{C72FC99A-B1A2-402B-B92F-84A1BABCB57A}.Debug|x86.Build.0 = Debug|Any CPU
		{C72FC99A-B1A2-402B-B92F-84A1BABCB57A}.Release|Any CPU.ActiveCfg = Release|Any CPU
		{C72FC99A-B1A2-402B-B92F-84A1BABCB57A}.Release|Any CPU.Build.0 = Release|Any CPU
		{C72FC99A-B1A2-402B-B92F-84A1BABCB57A}.Release|x64.ActiveCfg = Release|Any CPU
		{C72FC99A-B1A2-402B-B92F-84A1BABCB57A}.Release|x64.Build.0 = Release|Any CPU
		{C72FC99A-B1A2-402B-B92F-84A1BABCB57A}.Release|x86.ActiveCfg = Release|Any CPU
		{C72FC99A-B1A2-402B-B92F-84A1BABCB57A}.Release|x86.Build.0 = Release|Any CPU
		{9B456124-D947-4DDB-AF58-26F242584C5C}.Debug|Any CPU.ActiveCfg = Debug|Any CPU
		{9B456124-D947-4DDB-AF58-26F242584C5C}.Debug|Any CPU.Build.0 = Debug|Any CPU
		{9B456124-D947-4DDB-AF58-26F242584C5C}.Debug|x64.ActiveCfg = Debug|Any CPU
		{9B456124-D947-4DDB-AF58-26F242584C5C}.Debug|x64.Build.0 = Debug|Any CPU
		{9B456124-D947-4DDB-AF58-26F242584C5C}.Debug|x86.ActiveCfg = Debug|Any CPU
		{9B456124-D947-4DDB-AF58-26F242584C5C}.Debug|x86.Build.0 = Debug|Any CPU
		{9B456124-D947-4DDB-AF58-26F242584C5C}.Release|Any CPU.ActiveCfg = Release|Any CPU
		{9B456124-D947-4DDB-AF58-26F242584C5C}.Release|Any CPU.Build.0 = Release|Any CPU
		{9B456124-D947-4DDB-AF58-26F242584C5C}.Release|x64.ActiveCfg = Release|Any CPU
		{9B456124-D947-4DDB-AF58-26F242584C5C}.Release|x64.Build.0 = Release|Any CPU
		{9B456124-D947-4DDB-AF58-26F242584C5C}.Release|x86.ActiveCfg = Release|Any CPU
		{9B456124-D947-4DDB-AF58-26F242584C5C}.Release|x86.Build.0 = Release|Any CPU
		{94E57D8B-360C-4F7D-98CF-973DB84CAAAF}.Debug|Any CPU.ActiveCfg = Debug|Any CPU
		{94E57D8B-360C-4F7D-98CF-973DB84CAAAF}.Debug|Any CPU.Build.0 = Debug|Any CPU
		{94E57D8B-360C-4F7D-98CF-973DB84CAAAF}.Debug|x64.ActiveCfg = Debug|Any CPU
		{94E57D8B-360C-4F7D-98CF-973DB84CAAAF}.Debug|x64.Build.0 = Debug|Any CPU
		{94E57D8B-360C-4F7D-98CF-973DB84CAAAF}.Debug|x86.ActiveCfg = Debug|Any CPU
		{94E57D8B-360C-4F7D-98CF-973DB84CAAAF}.Debug|x86.Build.0 = Debug|Any CPU
		{94E57D8B-360C-4F7D-98CF-973DB84CAAAF}.Release|Any CPU.ActiveCfg = Release|Any CPU
		{94E57D8B-360C-4F7D-98CF-973DB84CAAAF}.Release|Any CPU.Build.0 = Release|Any CPU
		{94E57D8B-360C-4F7D-98CF-973DB84CAAAF}.Release|x64.ActiveCfg = Release|Any CPU
		{94E57D8B-360C-4F7D-98CF-973DB84CAAAF}.Release|x64.Build.0 = Release|Any CPU
		{94E57D8B-360C-4F7D-98CF-973DB84CAAAF}.Release|x86.ActiveCfg = Release|Any CPU
		{94E57D8B-360C-4F7D-98CF-973DB84CAAAF}.Release|x86.Build.0 = Release|Any CPU
		{C237F6EC-3970-4BDE-B14C-0C41AD4F0CB0}.Debug|Any CPU.ActiveCfg = Debug|Any CPU
		{C237F6EC-3970-4BDE-B14C-0C41AD4F0CB0}.Debug|Any CPU.Build.0 = Debug|Any CPU
		{C237F6EC-3970-4BDE-B14C-0C41AD4F0CB0}.Debug|x64.ActiveCfg = Debug|Any CPU
		{C237F6EC-3970-4BDE-B14C-0C41AD4F0CB0}.Debug|x64.Build.0 = Debug|Any CPU
		{C237F6EC-3970-4BDE-B14C-0C41AD4F0CB0}.Debug|x86.ActiveCfg = Debug|Any CPU
		{C237F6EC-3970-4BDE-B14C-0C41AD4F0CB0}.Debug|x86.Build.0 = Debug|Any CPU
		{C237F6EC-3970-4BDE-B14C-0C41AD4F0CB0}.Release|Any CPU.ActiveCfg = Release|Any CPU
		{C237F6EC-3970-4BDE-B14C-0C41AD4F0CB0}.Release|Any CPU.Build.0 = Release|Any CPU
		{C237F6EC-3970-4BDE-B14C-0C41AD4F0CB0}.Release|x64.ActiveCfg = Release|Any CPU
		{C237F6EC-3970-4BDE-B14C-0C41AD4F0CB0}.Release|x64.Build.0 = Release|Any CPU
		{C237F6EC-3970-4BDE-B14C-0C41AD4F0CB0}.Release|x86.ActiveCfg = Release|Any CPU
		{C237F6EC-3970-4BDE-B14C-0C41AD4F0CB0}.Release|x86.Build.0 = Release|Any CPU
		{77E1D7CC-2BF9-4FAB-8926-425E660ECC34}.Debug|Any CPU.ActiveCfg = Debug|Any CPU
		{77E1D7CC-2BF9-4FAB-8926-425E660ECC34}.Debug|Any CPU.Build.0 = Debug|Any CPU
		{77E1D7CC-2BF9-4FAB-8926-425E660ECC34}.Debug|x64.ActiveCfg = Debug|Any CPU
		{77E1D7CC-2BF9-4FAB-8926-425E660ECC34}.Debug|x64.Build.0 = Debug|Any CPU
		{77E1D7CC-2BF9-4FAB-8926-425E660ECC34}.Debug|x86.ActiveCfg = Debug|Any CPU
		{77E1D7CC-2BF9-4FAB-8926-425E660ECC34}.Debug|x86.Build.0 = Debug|Any CPU
		{77E1D7CC-2BF9-4FAB-8926-425E660ECC34}.Release|Any CPU.ActiveCfg = Release|Any CPU
		{77E1D7CC-2BF9-4FAB-8926-425E660ECC34}.Release|Any CPU.Build.0 = Release|Any CPU
		{77E1D7CC-2BF9-4FAB-8926-425E660ECC34}.Release|x64.ActiveCfg = Release|Any CPU
		{77E1D7CC-2BF9-4FAB-8926-425E660ECC34}.Release|x64.Build.0 = Release|Any CPU
		{77E1D7CC-2BF9-4FAB-8926-425E660ECC34}.Release|x86.ActiveCfg = Release|Any CPU
		{77E1D7CC-2BF9-4FAB-8926-425E660ECC34}.Release|x86.Build.0 = Release|Any CPU
		{591BF5A0-FE9E-44FD-BAF2-A26DDD367C58}.Debug|Any CPU.ActiveCfg = Debug|Any CPU
		{591BF5A0-FE9E-44FD-BAF2-A26DDD367C58}.Debug|Any CPU.Build.0 = Debug|Any CPU
		{591BF5A0-FE9E-44FD-BAF2-A26DDD367C58}.Debug|x64.ActiveCfg = Debug|Any CPU
		{591BF5A0-FE9E-44FD-BAF2-A26DDD367C58}.Debug|x64.Build.0 = Debug|Any CPU
		{591BF5A0-FE9E-44FD-BAF2-A26DDD367C58}.Debug|x86.ActiveCfg = Debug|Any CPU
		{591BF5A0-FE9E-44FD-BAF2-A26DDD367C58}.Debug|x86.Build.0 = Debug|Any CPU
		{591BF5A0-FE9E-44FD-BAF2-A26DDD367C58}.Release|Any CPU.ActiveCfg = Release|Any CPU
		{591BF5A0-FE9E-44FD-BAF2-A26DDD367C58}.Release|Any CPU.Build.0 = Release|Any CPU
		{591BF5A0-FE9E-44FD-BAF2-A26DDD367C58}.Release|x64.ActiveCfg = Release|Any CPU
		{591BF5A0-FE9E-44FD-BAF2-A26DDD367C58}.Release|x64.Build.0 = Release|Any CPU
		{591BF5A0-FE9E-44FD-BAF2-A26DDD367C58}.Release|x86.ActiveCfg = Release|Any CPU
		{591BF5A0-FE9E-44FD-BAF2-A26DDD367C58}.Release|x86.Build.0 = Release|Any CPU
	EndGlobalSection
	GlobalSection(SolutionProperties) = preSolution
		HideSolutionNode = FALSE
	EndGlobalSection
	GlobalSection(NestedProjects) = preSolution
		{81D50672-9E1B-49DE-8545-FF9BF960493D} = {827E0CD3-B72D-47B6-A68D-7590B98EB39B}
		{C72FC99A-B1A2-402B-B92F-84A1BABCB57A} = {827E0CD3-B72D-47B6-A68D-7590B98EB39B}
		{9B456124-D947-4DDB-AF58-26F242584C5C} = {827E0CD3-B72D-47B6-A68D-7590B98EB39B}
		{94E57D8B-360C-4F7D-98CF-973DB84CAAAF} = {827E0CD3-B72D-47B6-A68D-7590B98EB39B}
		{C237F6EC-3970-4BDE-B14C-0C41AD4F0CB0} = {827E0CD3-B72D-47B6-A68D-7590B98EB39B}
		{77E1D7CC-2BF9-4FAB-8926-425E660ECC34} = {827E0CD3-B72D-47B6-A68D-7590B98EB39B}
		{591BF5A0-FE9E-44FD-BAF2-A26DDD367C58} = {827E0CD3-B72D-47B6-A68D-7590B98EB39B}
	EndGlobalSection
EndGlobal
